// !$*UTF8*$!
{
	archiveVersion = 1;
	classes = {
	};
	objectVersion = 50;
	objects = {

/* Begin PBXBuildFile section */
		861ACF46256DCEE70073A1CA /* Icons.xcassets in Resources */ = {isa = PBXBuildFile; fileRef = 861ACF45256DCEE70073A1CA /* Icons.xcassets */; };
		861ACF51256DCF240073A1CA /* Assets.xcassets in Resources */ = {isa = PBXBuildFile; fileRef = 861ACF50256DCF240073A1CA /* Assets.xcassets */; };
		86AF940325ED3AEE00D3C701 /* ShareAndSave.swift in Sources */ = {isa = PBXBuildFile; fileRef = 86AF940225ED3AEE00D3C701 /* ShareAndSave.swift */; };
		86AF940C25ED407F00D3C701 /* Saves.xcdatamodeld in Sources */ = {isa = PBXBuildFile; fileRef = 86AF940A25ED407F00D3C701 /* Saves.xcdatamodeld */; };
		86DB1197256BEAF50021F090 /* AppDelegate.swift in Sources */ = {isa = PBXBuildFile; fileRef = 86DB1196256BEAF50021F090 /* AppDelegate.swift */; };
		86DB1199256BEAF50021F090 /* SceneDelegate.swift in Sources */ = {isa = PBXBuildFile; fileRef = 86DB1198256BEAF50021F090 /* SceneDelegate.swift */; };
		86DB119B256BEAF50021F090 /* ContentView.swift in Sources */ = {isa = PBXBuildFile; fileRef = 86DB119A256BEAF50021F090 /* ContentView.swift */; };
		86DB11A0256BEAF70021F090 /* Preview Assets.xcassets in Resources */ = {isa = PBXBuildFile; fileRef = 86DB119F256BEAF70021F090 /* Preview Assets.xcassets */; };
		86DB11A3256BEAF70021F090 /* LaunchScreen.storyboard in Resources */ = {isa = PBXBuildFile; fileRef = 86DB11A1256BEAF70021F090 /* LaunchScreen.storyboard */; };
		86DB11AE256BEAF80021F090 /* MDitorTests.swift in Sources */ = {isa = PBXBuildFile; fileRef = 86DB11AD256BEAF80021F090 /* MDitorTests.swift */; };
		86DB11B9256BEAF80021F090 /* MDitorUITests.swift in Sources */ = {isa = PBXBuildFile; fileRef = 86DB11B8256BEAF80021F090 /* MDitorUITests.swift */; };
		86DB11CA256BF0CF0021F090 /* TexTypes.swift in Sources */ = {isa = PBXBuildFile; fileRef = 86DB11C9256BF0CF0021F090 /* TexTypes.swift */; };
		86DB11D0256C36870021F090 /* Editor.swift in Sources */ = {isa = PBXBuildFile; fileRef = 86DB11CF256C36870021F090 /* Editor.swift */; };
		86DB11D5256C4C410021F090 /* Parser.swift in Sources */ = {isa = PBXBuildFile; fileRef = 86DB11D4256C4C410021F090 /* Parser.swift */; };
		86F78947256D32F7003D3612 /* Interface.swift in Sources */ = {isa = PBXBuildFile; fileRef = 86F78946256D32F6003D3612 /* Interface.swift */; };
/* End PBXBuildFile section */

/* Begin PBXContainerItemProxy section */
		86DB11AA256BEAF80021F090 /* PBXContainerItemProxy */ = {
			isa = PBXContainerItemProxy;
			containerPortal = 86DB118B256BEAF50021F090 /* Project object */;
			proxyType = 1;
			remoteGlobalIDString = 86DB1192256BEAF50021F090;
			remoteInfo = MDitor;
		};
		86DB11B5256BEAF80021F090 /* PBXContainerItemProxy */ = {
			isa = PBXContainerItemProxy;
			containerPortal = 86DB118B256BEAF50021F090 /* Project object */;
			proxyType = 1;
			remoteGlobalIDString = 86DB1192256BEAF50021F090;
			remoteInfo = MDitor;
		};
/* End PBXContainerItemProxy section */

/* Begin PBXFileReference section */
		861ACF45256DCEE70073A1CA /* Icons.xcassets */ = {isa = PBXFileReference; lastKnownFileType = folder.assetcatalog; path = Icons.xcassets; sourceTree = SOURCE_ROOT; };
		861ACF50256DCF240073A1CA /* Assets.xcassets */ = {isa = PBXFileReference; lastKnownFileType = folder.assetcatalog; path = Assets.xcassets; sourceTree = "<group>"; };
		86AF940225ED3AEE00D3C701 /* ShareAndSave.swift */ = {isa = PBXFileReference; lastKnownFileType = sourcecode.swift; path = ShareAndSave.swift; sourceTree = "<group>"; };
		86AF940B25ED407F00D3C701 /* Saves.xcdatamodel */ = {isa = PBXFileReference; lastKnownFileType = wrapper.xcdatamodel; path = Saves.xcdatamodel; sourceTree = "<group>"; };
		86DB1193256BEAF50021F090 /* MDitor.app */ = {isa = PBXFileReference; explicitFileType = wrapper.application; includeInIndex = 0; path = MDitor.app; sourceTree = BUILT_PRODUCTS_DIR; };
		86DB1196256BEAF50021F090 /* AppDelegate.swift */ = {isa = PBXFileReference; lastKnownFileType = sourcecode.swift; path = AppDelegate.swift; sourceTree = "<group>"; };
		86DB1198256BEAF50021F090 /* SceneDelegate.swift */ = {isa = PBXFileReference; lastKnownFileType = sourcecode.swift; path = SceneDelegate.swift; sourceTree = "<group>"; };
		86DB119A256BEAF50021F090 /* ContentView.swift */ = {isa = PBXFileReference; lastKnownFileType = sourcecode.swift; path = ContentView.swift; sourceTree = "<group>"; };
		86DB119F256BEAF70021F090 /* Preview Assets.xcassets */ = {isa = PBXFileReference; lastKnownFileType = folder.assetcatalog; path = "Preview Assets.xcassets"; sourceTree = "<group>"; };
		86DB11A2256BEAF70021F090 /* Base */ = {isa = PBXFileReference; lastKnownFileType = file.storyboard; name = Base; path = Base.lproj/LaunchScreen.storyboard; sourceTree = "<group>"; };
		86DB11A4256BEAF70021F090 /* Info.plist */ = {isa = PBXFileReference; lastKnownFileType = text.plist.xml; path = Info.plist; sourceTree = "<group>"; };
		86DB11A9256BEAF80021F090 /* MDitorTests.xctest */ = {isa = PBXFileReference; explicitFileType = wrapper.cfbundle; includeInIndex = 0; path = MDitorTests.xctest; sourceTree = BUILT_PRODUCTS_DIR; };
		86DB11AD256BEAF80021F090 /* MDitorTests.swift */ = {isa = PBXFileReference; lastKnownFileType = sourcecode.swift; path = MDitorTests.swift; sourceTree = "<group>"; };
		86DB11AF256BEAF80021F090 /* Info.plist */ = {isa = PBXFileReference; lastKnownFileType = text.plist.xml; path = Info.plist; sourceTree = "<group>"; };
		86DB11B4256BEAF80021F090 /* MDitorUITests.xctest */ = {isa = PBXFileReference; explicitFileType = wrapper.cfbundle; includeInIndex = 0; path = MDitorUITests.xctest; sourceTree = BUILT_PRODUCTS_DIR; };
		86DB11B8256BEAF80021F090 /* MDitorUITests.swift */ = {isa = PBXFileReference; lastKnownFileType = sourcecode.swift; path = MDitorUITests.swift; sourceTree = "<group>"; };
		86DB11BA256BEAF80021F090 /* Info.plist */ = {isa = PBXFileReference; lastKnownFileType = text.plist.xml; path = Info.plist; sourceTree = "<group>"; };
		86DB11C9256BF0CF0021F090 /* TexTypes.swift */ = {isa = PBXFileReference; lastKnownFileType = sourcecode.swift; path = TexTypes.swift; sourceTree = "<group>"; };
		86DB11CF256C36870021F090 /* Editor.swift */ = {isa = PBXFileReference; lastKnownFileType = sourcecode.swift; path = Editor.swift; sourceTree = "<group>"; };
		86DB11D4256C4C410021F090 /* Parser.swift */ = {isa = PBXFileReference; lastKnownFileType = sourcecode.swift; path = Parser.swift; sourceTree = "<group>"; };
		86F78946256D32F6003D3612 /* Interface.swift */ = {isa = PBXFileReference; lastKnownFileType = sourcecode.swift; path = Interface.swift; sourceTree = "<group>"; };
/* End PBXFileReference section */

/* Begin PBXFrameworksBuildPhase section */
		86DB1190256BEAF50021F090 /* Frameworks */ = {
			isa = PBXFrameworksBuildPhase;
			buildActionMask = 2147483647;
			files = (
			);
			runOnlyForDeploymentPostprocessing = 0;
		};
		86DB11A6256BEAF80021F090 /* Frameworks */ = {
			isa = PBXFrameworksBuildPhase;
			buildActionMask = 2147483647;
			files = (
			);
			runOnlyForDeploymentPostprocessing = 0;
		};
		86DB11B1256BEAF80021F090 /* Frameworks */ = {
			isa = PBXFrameworksBuildPhase;
			buildActionMask = 2147483647;
			files = (
			);
			runOnlyForDeploymentPostprocessing = 0;
		};
/* End PBXFrameworksBuildPhase section */

/* Begin PBXGroup section */
		86DB118A256BEAF50021F090 = {
			isa = PBXGroup;
			children = (
				861ACF50256DCF240073A1CA /* Assets.xcassets */,
				86DB1195256BEAF50021F090 /* MDitor */,
				86DB11AC256BEAF80021F090 /* MDitorTests */,
				86DB11B7256BEAF80021F090 /* MDitorUITests */,
				86DB1194256BEAF50021F090 /* Products */,
			);
			sourceTree = "<group>";
		};
		86DB1194256BEAF50021F090 /* Products */ = {
			isa = PBXGroup;
			children = (
				86DB1193256BEAF50021F090 /* MDitor.app */,
				86DB11A9256BEAF80021F090 /* MDitorTests.xctest */,
				86DB11B4256BEAF80021F090 /* MDitorUITests.xctest */,
			);
			name = Products;
			sourceTree = "<group>";
		};
		86DB1195256BEAF50021F090 /* MDitor */ = {
			isa = PBXGroup;
			children = (
				86DB1196256BEAF50021F090 /* AppDelegate.swift */,
				86DB1198256BEAF50021F090 /* SceneDelegate.swift */,
				86DB119A256BEAF50021F090 /* ContentView.swift */,
				86F78946256D32F6003D3612 /* Interface.swift */,
				86DB11CF256C36870021F090 /* Editor.swift */,
				86AF940225ED3AEE00D3C701 /* ShareAndSave.swift */,
				86AF940A25ED407F00D3C701 /* Saves.xcdatamodeld */,
				86DB11D4256C4C410021F090 /* Parser.swift */,
				861ACF45256DCEE70073A1CA /* Icons.xcassets */,
				86DB11A1256BEAF70021F090 /* LaunchScreen.storyboard */,
				86DB11A4256BEAF70021F090 /* Info.plist */,
				86DB11C9256BF0CF0021F090 /* TexTypes.swift */,
				86DB119E256BEAF70021F090 /* Preview Content */,
			);
			path = MDitor;
			sourceTree = "<group>";
		};
		86DB119E256BEAF70021F090 /* Preview Content */ = {
			isa = PBXGroup;
			children = (
				86DB119F256BEAF70021F090 /* Preview Assets.xcassets */,
			);
			path = "Preview Content";
			sourceTree = "<group>";
		};
		86DB11AC256BEAF80021F090 /* MDitorTests */ = {
			isa = PBXGroup;
			children = (
				86DB11AD256BEAF80021F090 /* MDitorTests.swift */,
				86DB11AF256BEAF80021F090 /* Info.plist */,
			);
			path = MDitorTests;
			sourceTree = "<group>";
		};
		86DB11B7256BEAF80021F090 /* MDitorUITests */ = {
			isa = PBXGroup;
			children = (
				86DB11B8256BEAF80021F090 /* MDitorUITests.swift */,
				86DB11BA256BEAF80021F090 /* Info.plist */,
			);
			path = MDitorUITests;
			sourceTree = "<group>";
		};
/* End PBXGroup section */

/* Begin PBXNativeTarget section */
		86DB1192256BEAF50021F090 /* MDitor */ = {
			isa = PBXNativeTarget;
			buildConfigurationList = 86DB11BD256BEAF80021F090 /* Build configuration list for PBXNativeTarget "MDitor" */;
			buildPhases = (
				86DB118F256BEAF50021F090 /* Sources */,
				86DB1190256BEAF50021F090 /* Frameworks */,
				86DB1191256BEAF50021F090 /* Resources */,
			);
			buildRules = (
			);
			dependencies = (
			);
			name = MDitor;
			productName = MDitor;
			productReference = 86DB1193256BEAF50021F090 /* MDitor.app */;
			productType = "com.apple.product-type.application";
		};
		86DB11A8256BEAF80021F090 /* MDitorTests */ = {
			isa = PBXNativeTarget;
			buildConfigurationList = 86DB11C0256BEAF80021F090 /* Build configuration list for PBXNativeTarget "MDitorTests" */;
			buildPhases = (
				86DB11A5256BEAF80021F090 /* Sources */,
				86DB11A6256BEAF80021F090 /* Frameworks */,
				86DB11A7256BEAF80021F090 /* Resources */,
			);
			buildRules = (
			);
			dependencies = (
				86DB11AB256BEAF80021F090 /* PBXTargetDependency */,
			);
			name = MDitorTests;
			productName = MDitorTests;
			productReference = 86DB11A9256BEAF80021F090 /* MDitorTests.xctest */;
			productType = "com.apple.product-type.bundle.unit-test";
		};
		86DB11B3256BEAF80021F090 /* MDitorUITests */ = {
			isa = PBXNativeTarget;
			buildConfigurationList = 86DB11C3256BEAF80021F090 /* Build configuration list for PBXNativeTarget "MDitorUITests" */;
			buildPhases = (
				86DB11B0256BEAF80021F090 /* Sources */,
				86DB11B1256BEAF80021F090 /* Frameworks */,
				86DB11B2256BEAF80021F090 /* Resources */,
			);
			buildRules = (
			);
			dependencies = (
				86DB11B6256BEAF80021F090 /* PBXTargetDependency */,
			);
			name = MDitorUITests;
			productName = MDitorUITests;
			productReference = 86DB11B4256BEAF80021F090 /* MDitorUITests.xctest */;
			productType = "com.apple.product-type.bundle.ui-testing";
		};
/* End PBXNativeTarget section */

/* Begin PBXProject section */
		86DB118B256BEAF50021F090 /* Project object */ = {
			isa = PBXProject;
			attributes = {
				LastSwiftUpdateCheck = 1220;
				LastUpgradeCheck = 1220;
				TargetAttributes = {
					86DB1192256BEAF50021F090 = {
						CreatedOnToolsVersion = 12.2;
					};
					86DB11A8256BEAF80021F090 = {
						CreatedOnToolsVersion = 12.2;
						TestTargetID = 86DB1192256BEAF50021F090;
					};
					86DB11B3256BEAF80021F090 = {
						CreatedOnToolsVersion = 12.2;
						TestTargetID = 86DB1192256BEAF50021F090;
					};
				};
			};
			buildConfigurationList = 86DB118E256BEAF50021F090 /* Build configuration list for PBXProject "MDitor" */;
			compatibilityVersion = "Xcode 9.3";
			developmentRegion = en;
			hasScannedForEncodings = 0;
			knownRegions = (
				en,
				Base,
			);
			mainGroup = 86DB118A256BEAF50021F090;
			productRefGroup = 86DB1194256BEAF50021F090 /* Products */;
			projectDirPath = "";
			projectRoot = "";
			targets = (
				86DB1192256BEAF50021F090 /* MDitor */,
				86DB11A8256BEAF80021F090 /* MDitorTests */,
				86DB11B3256BEAF80021F090 /* MDitorUITests */,
			);
		};
/* End PBXProject section */

/* Begin PBXResourcesBuildPhase section */
		86DB1191256BEAF50021F090 /* Resources */ = {
			isa = PBXResourcesBuildPhase;
			buildActionMask = 2147483647;
			files = (
				86DB11A3256BEAF70021F090 /* LaunchScreen.storyboard in Resources */,
				86DB11A0256BEAF70021F090 /* Preview Assets.xcassets in Resources */,
				861ACF51256DCF240073A1CA /* Assets.xcassets in Resources */,
				861ACF46256DCEE70073A1CA /* Icons.xcassets in Resources */,
			);
			runOnlyForDeploymentPostprocessing = 0;
		};
		86DB11A7256BEAF80021F090 /* Resources */ = {
			isa = PBXResourcesBuildPhase;
			buildActionMask = 2147483647;
			files = (
			);
			runOnlyForDeploymentPostprocessing = 0;
		};
		86DB11B2256BEAF80021F090 /* Resources */ = {
			isa = PBXResourcesBuildPhase;
			buildActionMask = 2147483647;
			files = (
			);
			runOnlyForDeploymentPostprocessing = 0;
		};
/* End PBXResourcesBuildPhase section */

/* Begin PBXSourcesBuildPhase section */
		86DB118F256BEAF50021F090 /* Sources */ = {
			isa = PBXSourcesBuildPhase;
			buildActionMask = 2147483647;
			files = (
				86AF940325ED3AEE00D3C701 /* ShareAndSave.swift in Sources */,
				86DB1197256BEAF50021F090 /* AppDelegate.swift in Sources */,
				86DB11D5256C4C410021F090 /* Parser.swift in Sources */,
				86DB1199256BEAF50021F090 /* SceneDelegate.swift in Sources */,
				86F78947256D32F7003D3612 /* Interface.swift in Sources */,
				86DB119B256BEAF50021F090 /* ContentView.swift in Sources */,
				86AF940C25ED407F00D3C701 /* Saves.xcdatamodeld in Sources */,
				86DB11CA256BF0CF0021F090 /* TexTypes.swift in Sources */,
				86DB11D0256C36870021F090 /* Editor.swift in Sources */,
			);
			runOnlyForDeploymentPostprocessing = 0;
		};
		86DB11A5256BEAF80021F090 /* Sources */ = {
			isa = PBXSourcesBuildPhase;
			buildActionMask = 2147483647;
			files = (
				86DB11AE256BEAF80021F090 /* MDitorTests.swift in Sources */,
			);
			runOnlyForDeploymentPostprocessing = 0;
		};
		86DB11B0256BEAF80021F090 /* Sources */ = {
			isa = PBXSourcesBuildPhase;
			buildActionMask = 2147483647;
			files = (
				86DB11B9256BEAF80021F090 /* MDitorUITests.swift in Sources */,
			);
			runOnlyForDeploymentPostprocessing = 0;
		};
/* End PBXSourcesBuildPhase section */

/* Begin PBXTargetDependency section */
		86DB11AB256BEAF80021F090 /* PBXTargetDependency */ = {
			isa = PBXTargetDependency;
			target = 86DB1192256BEAF50021F090 /* MDitor */;
			targetProxy = 86DB11AA256BEAF80021F090 /* PBXContainerItemProxy */;
		};
		86DB11B6256BEAF80021F090 /* PBXTargetDependency */ = {
			isa = PBXTargetDependency;
			target = 86DB1192256BEAF50021F090 /* MDitor */;
			targetProxy = 86DB11B5256BEAF80021F090 /* PBXContainerItemProxy */;
		};
/* End PBXTargetDependency section */

/* Begin PBXVariantGroup section */
		86DB11A1256BEAF70021F090 /* LaunchScreen.storyboard */ = {
			isa = PBXVariantGroup;
			children = (
				86DB11A2256BEAF70021F090 /* Base */,
			);
			name = LaunchScreen.storyboard;
			sourceTree = "<group>";
		};
/* End PBXVariantGroup section */

/* Begin XCBuildConfiguration section */
		86DB11BB256BEAF80021F090 /* Debug */ = {
			isa = XCBuildConfiguration;
			buildSettings = {
				ALWAYS_SEARCH_USER_PATHS = NO;
				CLANG_ANALYZER_NONNULL = YES;
				CLANG_ANALYZER_NUMBER_OBJECT_CONVERSION = YES_AGGRESSIVE;
				CLANG_CXX_LANGUAGE_STANDARD = "gnu++14";
				CLANG_CXX_LIBRARY = "libc++";
				CLANG_ENABLE_MODULES = YES;
				CLANG_ENABLE_OBJC_ARC = YES;
				CLANG_ENABLE_OBJC_WEAK = YES;
				CLANG_WARN_BLOCK_CAPTURE_AUTORELEASING = YES;
				CLANG_WARN_BOOL_CONVERSION = YES;
				CLANG_WARN_COMMA = YES;
				CLANG_WARN_CONSTANT_CONVERSION = YES;
				CLANG_WARN_DEPRECATED_OBJC_IMPLEMENTATIONS = YES;
				CLANG_WARN_DIRECT_OBJC_ISA_USAGE = YES_ERROR;
				CLANG_WARN_DOCUMENTATION_COMMENTS = YES;
				CLANG_WARN_EMPTY_BODY = YES;
				CLANG_WARN_ENUM_CONVERSION = YES;
				CLANG_WARN_INFINITE_RECURSION = YES;
				CLANG_WARN_INT_CONVERSION = YES;
				CLANG_WARN_NON_LITERAL_NULL_CONVERSION = YES;
				CLANG_WARN_OBJC_IMPLICIT_RETAIN_SELF = YES;
				CLANG_WARN_OBJC_LITERAL_CONVERSION = YES;
				CLANG_WARN_OBJC_ROOT_CLASS = YES_ERROR;
				CLANG_WARN_QUOTED_INCLUDE_IN_FRAMEWORK_HEADER = YES;
				CLANG_WARN_RANGE_LOOP_ANALYSIS = YES;
				CLANG_WARN_STRICT_PROTOTYPES = YES;
				CLANG_WARN_SUSPICIOUS_MOVE = YES;
				CLANG_WARN_UNGUARDED_AVAILABILITY = YES_AGGRESSIVE;
				CLANG_WARN_UNREACHABLE_CODE = YES;
				CLANG_WARN__DUPLICATE_METHOD_MATCH = YES;
				COPY_PHASE_STRIP = NO;
				DEBUG_INFORMATION_FORMAT = dwarf;
				ENABLE_STRICT_OBJC_MSGSEND = YES;
				ENABLE_TESTABILITY = YES;
				GCC_C_LANGUAGE_STANDARD = gnu11;
				GCC_DYNAMIC_NO_PIC = NO;
				GCC_NO_COMMON_BLOCKS = YES;
				GCC_OPTIMIZATION_LEVEL = 0;
				GCC_PREPROCESSOR_DEFINITIONS = (
					"DEBUG=1",
					"$(inherited)",
				);
				GCC_WARN_64_TO_32_BIT_CONVERSION = YES;
				GCC_WARN_ABOUT_RETURN_TYPE = YES_ERROR;
				GCC_WARN_UNDECLARED_SELECTOR = YES;
				GCC_WARN_UNINITIALIZED_AUTOS = YES_AGGRESSIVE;
				GCC_WARN_UNUSED_FUNCTION = YES;
				GCC_WARN_UNUSED_VARIABLE = YES;
				IPHONEOS_DEPLOYMENT_TARGET = 14.2;
				MTL_ENABLE_DEBUG_INFO = INCLUDE_SOURCE;
				MTL_FAST_MATH = YES;
				ONLY_ACTIVE_ARCH = YES;
				SDKROOT = iphoneos;
				SWIFT_ACTIVE_COMPILATION_CONDITIONS = DEBUG;
				SWIFT_OPTIMIZATION_LEVEL = "-Onone";
			};
			name = Debug;
		};
		86DB11BC256BEAF80021F090 /* Release */ = {
			isa = XCBuildConfiguration;
			buildSettings = {
				ALWAYS_SEARCH_USER_PATHS = NO;
				CLANG_ANALYZER_NONNULL = YES;
				CLANG_ANALYZER_NUMBER_OBJECT_CONVERSION = YES_AGGRESSIVE;
				CLANG_CXX_LANGUAGE_STANDARD = "gnu++14";
				CLANG_CXX_LIBRARY = "libc++";
				CLANG_ENABLE_MODULES = YES;
				CLANG_ENABLE_OBJC_ARC = YES;
				CLANG_ENABLE_OBJC_WEAK = YES;
				CLANG_WARN_BLOCK_CAPTURE_AUTORELEASING = YES;
				CLANG_WARN_BOOL_CONVERSION = YES;
				CLANG_WARN_COMMA = YES;
				CLANG_WARN_CONSTANT_CONVERSION = YES;
				CLANG_WARN_DEPRECATED_OBJC_IMPLEMENTATIONS = YES;
				CLANG_WARN_DIRECT_OBJC_ISA_USAGE = YES_ERROR;
				CLANG_WARN_DOCUMENTATION_COMMENTS = YES;
				CLANG_WARN_EMPTY_BODY = YES;
				CLANG_WARN_ENUM_CONVERSION = YES;
				CLANG_WARN_INFINITE_RECURSION = YES;
				CLANG_WARN_INT_CONVERSION = YES;
				CLANG_WARN_NON_LITERAL_NULL_CONVERSION = YES;
				CLANG_WARN_OBJC_IMPLICIT_RETAIN_SELF = YES;
				CLANG_WARN_OBJC_LITERAL_CONVERSION = YES;
				CLANG_WARN_OBJC_ROOT_CLASS = YES_ERROR;
				CLANG_WARN_QUOTED_INCLUDE_IN_FRAMEWORK_HEADER = YES;
				CLANG_WARN_RANGE_LOOP_ANALYSIS = YES;
				CLANG_WARN_STRICT_PROTOTYPES = YES;
				CLANG_WARN_SUSPICIOUS_MOVE = YES;
				CLANG_WARN_UNGUARDED_AVAILABILITY = YES_AGGRESSIVE;
				CLANG_WARN_UNREACHABLE_CODE = YES;
				CLANG_WARN__DUPLICATE_METHOD_MATCH = YES;
				COPY_PHASE_STRIP = NO;
				DEBUG_INFORMATION_FORMAT = "dwarf-with-dsym";
				ENABLE_NS_ASSERTIONS = NO;
				ENABLE_STRICT_OBJC_MSGSEND = YES;
				GCC_C_LANGUAGE_STANDARD = gnu11;
				GCC_NO_COMMON_BLOCKS = YES;
				GCC_WARN_64_TO_32_BIT_CONVERSION = YES;
				GCC_WARN_ABOUT_RETURN_TYPE = YES_ERROR;
				GCC_WARN_UNDECLARED_SELECTOR = YES;
				GCC_WARN_UNINITIALIZED_AUTOS = YES_AGGRESSIVE;
				GCC_WARN_UNUSED_FUNCTION = YES;
				GCC_WARN_UNUSED_VARIABLE = YES;
				IPHONEOS_DEPLOYMENT_TARGET = 14.2;
				MTL_ENABLE_DEBUG_INFO = NO;
				MTL_FAST_MATH = YES;
				SDKROOT = iphoneos;
				SWIFT_COMPILATION_MODE = wholemodule;
				SWIFT_OPTIMIZATION_LEVEL = "-O";
				VALIDATE_PRODUCT = YES;
			};
			name = Release;
		};
		86DB11BE256BEAF80021F090 /* Debug */ = {
			isa = XCBuildConfiguration;
			buildSettings = {
				ASSETCATALOG_COMPILER_APPICON_NAME = AppIcon;
				ASSETCATALOG_COMPILER_GLOBAL_ACCENT_COLOR_NAME = AccentColor;
				CODE_SIGN_STYLE = Automatic;
				CURRENT_PROJECT_VERSION = 2;
				DEVELOPMENT_ASSET_PATHS = "\"MDitor/Preview Content\"";
				DEVELOPMENT_TEAM = E5L7NC8M9T;
				ENABLE_PREVIEWS = YES;
				INFOPLIST_FILE = MDitor/Info.plist;
				LD_RUNPATH_SEARCH_PATHS = (
					"$(inherited)",
					"@executable_path/Frameworks",
				);
				MARKETING_VERSION = 0.02;
				PRODUCT_BUNDLE_IDENTIFIER = me.MDitor;
				PRODUCT_NAME = "$(TARGET_NAME)";
				SWIFT_VERSION = 5.0;
				TARGETED_DEVICE_FAMILY = "1,2";
			};
			name = Debug;
		};
		86DB11BF256BEAF80021F090 /* Release */ = {
			isa = XCBuildConfiguration;
			buildSettings = {
				ASSETCATALOG_COMPILER_APPICON_NAME = AppIcon;
				ASSETCATALOG_COMPILER_GLOBAL_ACCENT_COLOR_NAME = AccentColor;
				CODE_SIGN_STYLE = Automatic;
				CURRENT_PROJECT_VERSION = 2;
				DEVELOPMENT_ASSET_PATHS = "\"MDitor/Preview Content\"";
				DEVELOPMENT_TEAM = E5L7NC8M9T;
				ENABLE_PREVIEWS = YES;
				INFOPLIST_FILE = MDitor/Info.plist;
				LD_RUNPATH_SEARCH_PATHS = (
					"$(inherited)",
					"@executable_path/Frameworks",
				);
				MARKETING_VERSION = 0.02;
				PRODUCT_BUNDLE_IDENTIFIER = me.MDitor;
				PRODUCT_NAME = "$(TARGET_NAME)";
				SWIFT_VERSION = 5.0;
				TARGETED_DEVICE_FAMILY = "1,2";
			};
			name = Release;
		};
		86DB11C1256BEAF80021F090 /* Debug */ = {
			isa = XCBuildConfiguration;
			buildSettings = {
				ALWAYS_EMBED_SWIFT_STANDARD_LIBRARIES = YES;
				BUNDLE_LOADER = "$(TEST_HOST)";
				CODE_SIGN_STYLE = Automatic;
				DEVELOPMENT_TEAM = E5L7NC8M9T;
				INFOPLIST_FILE = MDitorTests/Info.plist;
				IPHONEOS_DEPLOYMENT_TARGET = 14.2;
				LD_RUNPATH_SEARCH_PATHS = (
					"$(inherited)",
					"@executable_path/Frameworks",
					"@loader_path/Frameworks",
				);
				PRODUCT_BUNDLE_IDENTIFIER = me.MDitorTests;
				PRODUCT_NAME = "$(TARGET_NAME)";
				SWIFT_VERSION = 5.0;
				TARGETED_DEVICE_FAMILY = "1,2";
				TEST_HOST = "$(BUILT_PRODUCTS_DIR)/MDitor.app/MDitor";
			};
			name = Debug;
		};
		86DB11C2256BEAF80021F090 /* Release */ = {
			isa = XCBuildConfiguration;
			buildSettings = {
				ALWAYS_EMBED_SWIFT_STANDARD_LIBRARIES = YES;
				BUNDLE_LOADER = "$(TEST_HOST)";
				CODE_SIGN_STYLE = Automatic;
				DEVELOPMENT_TEAM = E5L7NC8M9T;
				INFOPLIST_FILE = MDitorTests/Info.plist;
				IPHONEOS_DEPLOYMENT_TARGET = 14.2;
				LD_RUNPATH_SEARCH_PATHS = (
					"$(inherited)",
					"@executable_path/Frameworks",
					"@loader_path/Frameworks",
				);
				PRODUCT_BUNDLE_IDENTIFIER = me.MDitorTests;
				PRODUCT_NAME = "$(TARGET_NAME)";
				SWIFT_VERSION = 5.0;
				TARGETED_DEVICE_FAMILY = "1,2";
				TEST_HOST = "$(BUILT_PRODUCTS_DIR)/MDitor.app/MDitor";
			};
			name = Release;
		};
		86DB11C4256BEAF80021F090 /* Debug */ = {
			isa = XCBuildConfiguration;
			buildSettings = {
				ALWAYS_EMBED_SWIFT_STANDARD_LIBRARIES = YES;
				CODE_SIGN_STYLE = Automatic;
				DEVELOPMENT_TEAM = E5L7NC8M9T;
				INFOPLIST_FILE = MDitorUITests/Info.plist;
				LD_RUNPATH_SEARCH_PATHS = (
					"$(inherited)",
					"@executable_path/Frameworks",
					"@loader_path/Frameworks",
				);
				PRODUCT_BUNDLE_IDENTIFIER = me.MDitorUITests;
				PRODUCT_NAME = "$(TARGET_NAME)";
				SWIFT_VERSION = 5.0;
				TARGETED_DEVICE_FAMILY = "1,2";
				TEST_TARGET_NAME = MDitor;
			};
			name = Debug;
		};
		86DB11C5256BEAF80021F090 /* Release */ = {
			isa = XCBuildConfiguration;
			buildSettings = {
				ALWAYS_EMBED_SWIFT_STANDARD_LIBRARIES = YES;
				CODE_SIGN_STYLE = Automatic;
				DEVELOPMENT_TEAM = E5L7NC8M9T;
				INFOPLIST_FILE = MDitorUITests/Info.plist;
				LD_RUNPATH_SEARCH_PATHS = (
					"$(inherited)",
					"@executable_path/Frameworks",
					"@loader_path/Frameworks",
				);
				PRODUCT_BUNDLE_IDENTIFIER = me.MDitorUITests;
				PRODUCT_NAME = "$(TARGET_NAME)";
				SWIFT_VERSION = 5.0;
				TARGETED_DEVICE_FAMILY = "1,2";
				TEST_TARGET_NAME = MDitor;
			};
			name = Release;
		};
/* End XCBuildConfiguration section */

/* Begin XCConfigurationList section */
		86DB118E256BEAF50021F090 /* Build configuration list for PBXProject "MDitor" */ = {
			isa = XCConfigurationList;
			buildConfigurations = (
				86DB11BB256BEAF80021F090 /* Debug */,
				86DB11BC256BEAF80021F090 /* Release */,
			);
			defaultConfigurationIsVisible = 0;
			defaultConfigurationName = Release;
		};
		86DB11BD256BEAF80021F090 /* Build configuration list for PBXNativeTarget "MDitor" */ = {
			isa = XCConfigurationList;
			buildConfigurations = (
				86DB11BE256BEAF80021F090 /* Debug */,
				86DB11BF256BEAF80021F090 /* Release */,
			);
			defaultConfigurationIsVisible = 0;
			defaultConfigurationName = Release;
		};
		86DB11C0256BEAF80021F090 /* Build configuration list for PBXNativeTarget "MDitorTests" */ = {
			isa = XCConfigurationList;
			buildConfigurations = (
				86DB11C1256BEAF80021F090 /* Debug */,
				86DB11C2256BEAF80021F090 /* Release */,
			);
			defaultConfigurationIsVisible = 0;
			defaultConfigurationName = Release;
		};
		86DB11C3256BEAF80021F090 /* Build configuration list for PBXNativeTarget "MDitorUITests" */ = {
			isa = XCConfigurationList;
			buildConfigurations = (
				86DB11C4256BEAF80021F090 /* Debug */,
				86DB11C5256BEAF80021F090 /* Release */,
			);
			defaultConfigurationIsVisible = 0;
			defaultConfigurationName = Release;
		};
/* End XCConfigurationList section */

/* Begin XCVersionGroup section */
		86AF940A25ED407F00D3C701 /* Saves.xcdatamodeld */ = {
			isa = XCVersionGroup;
			children = (
				86AF940B25ED407F00D3C701 /* Saves.xcdatamodel */,
			);
			currentVersion = 86AF940B25ED407F00D3C701 /* Saves.xcdatamodel */;
			path = Saves.xcdatamodeld;
			sourceTree = "<group>";
			versionGroupType = wrapper.xcdatamodel;
		};
/* End XCVersionGroup section */
	};
	rootObject = 86DB118B256BEAF50021F090 /* Project object */;
}
